
Microsoft Visual Studio Solution File, Format Version 12.00
# Visual Studio Version 17
VisualStudioVersion = 17.5.33502.453
MinimumVisualStudioVersion = 10.0.40219.1
Project("{8BC9CEB8-8B4A-11D0-8D11-00A0C91BC942}") = "nullptr", "nullptr\nullptr.vcxproj", "{F528736E-292C-402F-8FE3-2A335D954590}"
EndProject
Global
	GlobalSection(SolutionConfigurationPlatforms) = preSolution
		Debug|x64 = Debug|x64
		Debug|x86 = Debug|x86
		Release|x64 = Release|x64
		Release|x86 = Release|x86
	EndGlobalSection
	GlobalSection(ProjectConfigurationPlatforms) = postSolution
		{F528736E-292C-402F-8FE3-2A335D954590}.Debug|x64.ActiveCfg = Debug|x64
		{F528736E-292C-402F-8FE3-2A335D954590}.Debug|x64.Build.0 = Debug|x64
		{F528736E-292C-402F-8FE3-2A335D954590}.Debug|x86.ActiveCfg = Debug|Win32
		{F528736E-292C-402F-8FE3-2A335D954590}.Debug|x86.Build.0 = Debug|Win32
		{F528736E-292C-402F-8FE3-2A335D954590}.Release|x64.ActiveCfg = Release|x64
		{F528736E-292C-402F-8FE3-2A335D954590}.Release|x64.Build.0 = Release|x64
		{F528736E-292C-402F-8FE3-2A335D954590}.Release|x86.ActiveCfg = Release|Win32
		{F528736E-292C-402F-8FE3-2A335D954590}.Release|x86.Build.0 = Release|Win32
	EndGlobalSection
	GlobalSection(SolutionProperties) = preSolution
		HideSolutionNode = FALSE
	EndGlobalSection
	GlobalSection(ExtensibilityGlobals) = postSolution
		SolutionGuid = {CAEA9F19-926E-4724-B973-A161FD6851C1}
	EndGlobalSection
EndGlobal
