
Microsoft Visual Studio Solution File, Format Version 12.00
# Visual Studio Version 17
VisualStudioVersion = 17.5.33414.496
MinimumVisualStudioVersion = 10.0.40219.1
Project("{8BC9CEB8-8B4A-11D0-8D11-00A0C91BC942}") = "Algorithm", "Algorithm\Algorithm.vcxproj", "{E4013B9E-B982-4860-B8A1-884A9C18DC87}"
EndProject
Project("{8BC9CEB8-8B4A-11D0-8D11-00A0C91BC942}") = "Maze", "Maze\Maze.vcxproj", "{3078E6B9-507A-4B05-B1F8-BA633DA65A05}"
EndProject
Global
	GlobalSection(SolutionConfigurationPlatforms) = preSolution
		Debug|x64 = Debug|x64
		Debug|x86 = Debug|x86
		Release|x64 = Release|x64
		Release|x86 = Release|x86
	EndGlobalSection
	GlobalSection(ProjectConfigurationPlatforms) = postSolution
		{E4013B9E-B982-4860-B8A1-884A9C18DC87}.Debug|x64.ActiveCfg = Debug|x64
		{E4013B9E-B982-4860-B8A1-884A9C18DC87}.Debug|x64.Build.0 = Debug|x64
		{E4013B9E-B982-4860-B8A1-884A9C18DC87}.Debug|x86.ActiveCfg = Debug|Win32
		{E4013B9E-B982-4860-B8A1-884A9C18DC87}.Debug|x86.Build.0 = Debug|Win32
		{E4013B9E-B982-4860-B8A1-884A9C18DC87}.Release|x64.ActiveCfg = Release|x64
		{E4013B9E-B982-4860-B8A1-884A9C18DC87}.Release|x64.Build.0 = Release|x64
		{E4013B9E-B982-4860-B8A1-884A9C18DC87}.Release|x86.ActiveCfg = Release|Win32
		{E4013B9E-B982-4860-B8A1-884A9C18DC87}.Release|x86.Build.0 = Release|Win32
		{3078E6B9-507A-4B05-B1F8-BA633DA65A05}.Debug|x64.ActiveCfg = Debug|x64
		{3078E6B9-507A-4B05-B1F8-BA633DA65A05}.Debug|x64.Build.0 = Debug|x64
		{3078E6B9-507A-4B05-B1F8-BA633DA65A05}.Debug|x86.ActiveCfg = Debug|Win32
		{3078E6B9-507A-4B05-B1F8-BA633DA65A05}.Debug|x86.Build.0 = Debug|Win32
		{3078E6B9-507A-4B05-B1F8-BA633DA65A05}.Release|x64.ActiveCfg = Release|x64
		{3078E6B9-507A-4B05-B1F8-BA633DA65A05}.Release|x64.Build.0 = Release|x64
		{3078E6B9-507A-4B05-B1F8-BA633DA65A05}.Release|x86.ActiveCfg = Release|Win32
		{3078E6B9-507A-4B05-B1F8-BA633DA65A05}.Release|x86.Build.0 = Release|Win32
	EndGlobalSection
	GlobalSection(SolutionProperties) = preSolution
		HideSolutionNode = FALSE
	EndGlobalSection
	GlobalSection(ExtensibilityGlobals) = postSolution
		SolutionGuid = {6BDC0C8F-2FC9-48DB-8EE9-6203542615DA}
	EndGlobalSection
EndGlobal
